
Microsoft Visual Studio Solution File, Format Version 12.00
# Visual Studio 14
VisualStudioVersion = 14.0.25420.1
MinimumVisualStudioVersion = 10.0.40219.1
Project("{FAE04EC0-301F-11D3-BF4B-00C04F79EFBC}") = "ZobShop.Data", "ZobShop.Data\ZobShop.Data.csproj", "{D5E53BD4-FE25-4DF2-BC9B-C43EC0BDC64C}"
EndProject
Project("{FAE04EC0-301F-11D3-BF4B-00C04F79EFBC}") = "ZobShop.Tests", "ZobShop.Tests\ZobShop.Tests.csproj", "{7A9B1F98-DCFA-4A5B-9132-FC0A1AF5463E}"
EndProject
Project("{FAE04EC0-301F-11D3-BF4B-00C04F79EFBC}") = "ZobShop.Models", "ZobShop.Models\ZobShop.Models.csproj", "{601A83B5-681C-42C3-A67A-5E0EAF5D0EBE}"
EndProject
Project("{FAE04EC0-301F-11D3-BF4B-00C04F79EFBC}") = "ZobShop.Services", "ZobShop.Services\ZobShop.Services.csproj", "{FFDE1559-F1EC-45FD-812F-E0CDE1C64B32}"
EndProject
Project("{FAE04EC0-301F-11D3-BF4B-00C04F79EFBC}") = "ZobShop.Web", "ZobShop.Web\ZobShop.Web.csproj", "{F7B8B5AA-115D-4087-AF96-25053FC2473D}"
EndProject
Project("{FAE04EC0-301F-11D3-BF4B-00C04F79EFBC}") = "ZobShop.ModelViewPresenter", "ZobShop.ModelViewPresenter\ZobShop.ModelViewPresenter.csproj", "{A80F56D5-69D7-40AA-9A32-C458FA9DBE13}"
EndProject
Project("{FAE04EC0-301F-11D3-BF4B-00C04F79EFBC}") = "ZobShop.Authentication", "ZobShop.Authentication\ZobShop.Authentication.csproj", "{7A53F585-72D3-41AC-B131-415D8E021DAC}"
EndProject
Project("{FAE04EC0-301F-11D3-BF4B-00C04F79EFBC}") = "ZobShop.Factories", "ZobShop.Factories\ZobShop.Factories.csproj", "{1959CD6F-B7C4-4A1C-A7E8-53811F0AC5CD}"
EndProject
Project("{FAE04EC0-301F-11D3-BF4B-00C04F79EFBC}") = "ZobShop.Orders", "ZobShop.Orders\ZobShop.Orders.csproj", "{17C008CB-9F06-4179-9192-6B067F7529D0}"
EndProject
Global
	GlobalSection(SolutionConfigurationPlatforms) = preSolution
		Debug|Any CPU = Debug|Any CPU
		Release|Any CPU = Release|Any CPU
	EndGlobalSection
	GlobalSection(ProjectConfigurationPlatforms) = postSolution
		{D5E53BD4-FE25-4DF2-BC9B-C43EC0BDC64C}.Debug|Any CPU.ActiveCfg = Debug|Any CPU
		{D5E53BD4-FE25-4DF2-BC9B-C43EC0BDC64C}.Debug|Any CPU.Build.0 = Debug|Any CPU
		{D5E53BD4-FE25-4DF2-BC9B-C43EC0BDC64C}.Release|Any CPU.ActiveCfg = Release|Any CPU
		{D5E53BD4-FE25-4DF2-BC9B-C43EC0BDC64C}.Release|Any CPU.Build.0 = Release|Any CPU
		{7A9B1F98-DCFA-4A5B-9132-FC0A1AF5463E}.Debug|Any CPU.ActiveCfg = Debug|Any CPU
		{7A9B1F98-DCFA-4A5B-9132-FC0A1AF5463E}.Debug|Any CPU.Build.0 = Debug|Any CPU
		{7A9B1F98-DCFA-4A5B-9132-FC0A1AF5463E}.Release|Any CPU.ActiveCfg = Release|Any CPU
		{7A9B1F98-DCFA-4A5B-9132-FC0A1AF5463E}.Release|Any CPU.Build.0 = Release|Any CPU
		{601A83B5-681C-42C3-A67A-5E0EAF5D0EBE}.Debug|Any CPU.ActiveCfg = Debug|Any CPU
		{601A83B5-681C-42C3-A67A-5E0EAF5D0EBE}.Debug|Any CPU.Build.0 = Debug|Any CPU
		{601A83B5-681C-42C3-A67A-5E0EAF5D0EBE}.Release|Any CPU.ActiveCfg = Release|Any CPU
		{601A83B5-681C-42C3-A67A-5E0EAF5D0EBE}.Release|Any CPU.Build.0 = Release|Any CPU
		{FFDE1559-F1EC-45FD-812F-E0CDE1C64B32}.Debug|Any CPU.ActiveCfg = Debug|Any CPU
		{FFDE1559-F1EC-45FD-812F-E0CDE1C64B32}.Debug|Any CPU.Build.0 = Debug|Any CPU
		{FFDE1559-F1EC-45FD-812F-E0CDE1C64B32}.Release|Any CPU.ActiveCfg = Release|Any CPU
		{FFDE1559-F1EC-45FD-812F-E0CDE1C64B32}.Release|Any CPU.Build.0 = Release|Any CPU
		{F7B8B5AA-115D-4087-AF96-25053FC2473D}.Debug|Any CPU.ActiveCfg = Debug|Any CPU
		{F7B8B5AA-115D-4087-AF96-25053FC2473D}.Debug|Any CPU.Build.0 = Debug|Any CPU
		{F7B8B5AA-115D-4087-AF96-25053FC2473D}.Release|Any CPU.ActiveCfg = Release|Any CPU
		{F7B8B5AA-115D-4087-AF96-25053FC2473D}.Release|Any CPU.Build.0 = Release|Any CPU
		{A80F56D5-69D7-40AA-9A32-C458FA9DBE13}.Debug|Any CPU.ActiveCfg = Debug|Any CPU
		{A80F56D5-69D7-40AA-9A32-C458FA9DBE13}.Debug|Any CPU.Build.0 = Debug|Any CPU
		{A80F56D5-69D7-40AA-9A32-C458FA9DBE13}.Release|Any CPU.ActiveCfg = Release|Any CPU
		{A80F56D5-69D7-40AA-9A32-C458FA9DBE13}.Release|Any CPU.Build.0 = Release|Any CPU
		{7A53F585-72D3-41AC-B131-415D8E021DAC}.Debug|Any CPU.ActiveCfg = Debug|Any CPU
		{7A53F585-72D3-41AC-B131-415D8E021DAC}.Debug|Any CPU.Build.0 = Debug|Any CPU
		{7A53F585-72D3-41AC-B131-415D8E021DAC}.Release|Any CPU.ActiveCfg = Release|Any CPU
		{7A53F585-72D3-41AC-B131-415D8E021DAC}.Release|Any CPU.Build.0 = Release|Any CPU
		{1959CD6F-B7C4-4A1C-A7E8-53811F0AC5CD}.Debug|Any CPU.ActiveCfg = Debug|Any CPU
		{1959CD6F-B7C4-4A1C-A7E8-53811F0AC5CD}.Debug|Any CPU.Build.0 = Debug|Any CPU
		{1959CD6F-B7C4-4A1C-A7E8-53811F0AC5CD}.Release|Any CPU.ActiveCfg = Release|Any CPU
		{1959CD6F-B7C4-4A1C-A7E8-53811F0AC5CD}.Release|Any CPU.Build.0 = Release|Any CPU
		{17C008CB-9F06-4179-9192-6B067F7529D0}.Debug|Any CPU.ActiveCfg = Debug|Any CPU
		{17C008CB-9F06-4179-9192-6B067F7529D0}.Debug|Any CPU.Build.0 = Debug|Any CPU
		{17C008CB-9F06-4179-9192-6B067F7529D0}.Release|Any CPU.ActiveCfg = Release|Any CPU
		{17C008CB-9F06-4179-9192-6B067F7529D0}.Release|Any CPU.Build.0 = Release|Any CPU
	EndGlobalSection
	GlobalSection(SolutionProperties) = preSolution
		HideSolutionNode = FALSE
	EndGlobalSection
EndGlobal
